
Microsoft Visual Studio Solution File, Format Version 12.00
# Visual Studio Version 16
VisualStudioVersion = 16.0.31729.503
MinimumVisualStudioVersion = 10.0.40219.1
Project("{FAE04EC0-301F-11D3-BF4B-00C04F79EFBC}") = "nicoletta_lab3", "nicoletta_lab3.csproj", "{26070B04-3FEC-4240-AB66-32CE55F60533}"
EndProject
Global
	GlobalSection(SolutionConfigurationPlatforms) = preSolution
		Debug|Any CPU = Debug|Any CPU
		Release|Any CPU = Release|Any CPU
	EndGlobalSection
	GlobalSection(ProjectConfigurationPlatforms) = postSolution
		{26070B04-3FEC-4240-AB66-32CE55F60533}.Debug|Any CPU.ActiveCfg = Debug|Any CPU
		{26070B04-3FEC-4240-AB66-32CE55F60533}.Debug|Any CPU.Build.0 = Debug|Any CPU
		{26070B04-3FEC-4240-AB66-32CE55F60533}.Release|Any CPU.ActiveCfg = Release|Any CPU
		{26070B04-3FEC-4240-AB66-32CE55F60533}.Release|Any CPU.Build.0 = Release|Any CPU
	EndGlobalSection
	GlobalSection(SolutionProperties) = preSolution
		HideSolutionNode = FALSE
	EndGlobalSection
	GlobalSection(ExtensibilityGlobals) = postSolution
		SolutionGuid = {B026A5BB-4445-4004-B9A1-5A20CFE335AC}
	EndGlobalSection
EndGlobal
